
Microsoft Visual Studio Solution File, Format Version 12.00
# Visual Studio Version 16
VisualStudioVersion = 16.0.810.17
MinimumVisualStudioVersion = 10.0.40219.1
Project("{FAE04EC0-301F-11D3-BF4B-00C04F79EFBC}") = "backend", "backend.csproj", "{BF20A366-3426-4BEC-93FB-7842BBA6DF34}"
EndProject
Global
	GlobalSection(SolutionConfigurationPlatforms) = preSolution
		Debug|Any CPU = Debug|Any CPU
		Release|Any CPU = Release|Any CPU
	EndGlobalSection
	GlobalSection(ProjectConfigurationPlatforms) = postSolution
		{BF20A366-3426-4BEC-93FB-7842BBA6DF34}.Debug|Any CPU.ActiveCfg = Debug|Any CPU
		{BF20A366-3426-4BEC-93FB-7842BBA6DF34}.Debug|Any CPU.Build.0 = Debug|Any CPU
		{BF20A366-3426-4BEC-93FB-7842BBA6DF34}.Release|Any CPU.ActiveCfg = Release|Any CPU
		{BF20A366-3426-4BEC-93FB-7842BBA6DF34}.Release|Any CPU.Build.0 = Release|Any CPU
	EndGlobalSection
	GlobalSection(SolutionProperties) = preSolution
		HideSolutionNode = FALSE
	EndGlobalSection
	GlobalSection(ExtensibilityGlobals) = postSolution
		SolutionGuid = {A7FC1942-53A4-46B2-B374-2D44BB4885DD}
	EndGlobalSection
EndGlobal
